{
  "version": 4,
  "terraform_version": "1.11.3",
  "serial": 4,
  "lineage": "c851e450-e75a-f78e-a919-8f657fd902e8",
  "outputs": {
    "cluster_endpoint": {
      "value": "35.184.174.15",
      "type": "string",
      "sensitive": true
    },
    "cluster_location": {
      "value": "us-central1",
      "type": "string"
    },
    "cluster_name": {
      "value": "my-gke-cluster",
      "type": "string"
    },
    "node_pool_names": {
      "value": [
        "default-node-pool"
      ],
      "type": [
        "tuple",
        [
          "string"
        ]
      ]
    }
  },
  "resources": [
    {
      "module": "module.gke",
      "mode": "managed",
      "type": "google_container_cluster",
      "name": "primary",
      "provider": "provider[\"registry.terraform.io/hashicorp/google\"]",
      "instances": [
        {
          "schema_version": 2,
          "attributes": {
            "addons_config": [
              {
                "cloudrun_config": [],
                "config_connector_config": [],
                "dns_cache_config": [],
                "gce_persistent_disk_csi_driver_config": [
                  {
                    "enabled": true
                  }
                ],
                "gcp_filestore_csi_driver_config": [],
                "gcs_fuse_csi_driver_config": [],
                "gke_backup_agent_config": [],
                "horizontal_pod_autoscaling": [
                  {
                    "disabled": false
                  }
                ],
                "http_load_balancing": [
                  {
                    "disabled": false
                  }
                ],
                "network_policy_config": [
                  {
                    "disabled": true
                  }
                ],
                "parallelstore_csi_driver_config": [],
                "ray_operator_config": [],
                "stateful_ha_config": []
              }
            ],
            "allow_net_admin": null,
            "authenticator_groups_config": [],
            "binary_authorization": [
              {
                "enabled": false,
                "evaluation_mode": ""
              }
            ],
            "cluster_autoscaling": [
              {
                "auto_provisioning_defaults": [],
                "auto_provisioning_locations": [],
                "autoscaling_profile": "BALANCED",
                "enabled": false,
                "resource_limits": []
              }
            ],
            "cluster_ipv4_cidr": "10.100.0.0/14",
            "confidential_nodes": [],
            "control_plane_endpoints_config": [
              {
                "dns_endpoint_config": [
                  {
                    "allow_external_traffic": false,
                    "endpoint": "gke-cfe2c5f14fee48b48395843178aa4e9c3997-534459097762.us-central1.gke.goog"
                  }
                ],
                "ip_endpoints_config": [
                  {
                    "enabled": true
                  }
                ]
              }
            ],
            "cost_management_config": [],
            "database_encryption": [
              {
                "key_name": "",
                "state": "DECRYPTED"
              }
            ],
            "datapath_provider": "",
            "default_max_pods_per_node": 110,
            "default_snat_status": [
              {
                "disabled": false
              }
            ],
            "deletion_protection": true,
            "description": "",
            "disable_l4_lb_firewall_reconciliation": false,
            "dns_config": [],
            "effective_labels": {
              "goog-terraform-provisioned": "true"
            },
            "enable_autopilot": false,
            "enable_cilium_clusterwide_network_policy": false,
            "enable_fqdn_network_policy": false,
            "enable_intranode_visibility": false,
            "enable_k8s_beta_apis": [],
            "enable_kubernetes_alpha": false,
            "enable_l4_ilb_subsetting": false,
            "enable_legacy_abac": false,
            "enable_multi_networking": false,
            "enable_shielded_nodes": true,
            "enable_tpu": false,
            "endpoint": "35.184.174.15",
            "enterprise_config": [
              {
                "cluster_tier": "STANDARD",
                "desired_tier": ""
              }
            ],
            "fleet": [],
            "gateway_api_config": [],
            "id": "projects/carbon-science-378304/locations/us-central1/clusters/my-gke-cluster",
            "identity_service_config": [],
            "initial_node_count": 1,
            "ip_allocation_policy": [
              {
                "additional_pod_ranges_config": [],
                "cluster_ipv4_cidr_block": "10.100.0.0/14",
                "cluster_secondary_range_name": "gke-my-gke-cluster-pods-cfe2c5f1",
                "pod_cidr_overprovision_config": [
                  {
                    "disabled": false
                  }
                ],
                "services_ipv4_cidr_block": "34.118.224.0/20",
                "services_secondary_range_name": "",
                "stack_type": "IPV4"
              }
            ],
            "label_fingerprint": "78cdf2f6",
            "location": "us-central1",
            "logging_config": [
              {
                "enable_components": [
                  "SYSTEM_COMPONENTS",
                  "WORKLOADS"
                ]
              }
            ],
            "logging_service": "logging.googleapis.com/kubernetes",
            "maintenance_policy": [
              {
                "daily_maintenance_window": [
                  {
                    "duration": "PT4H0M0S",
                    "start_time": "05:00"
                  }
                ],
                "maintenance_exclusion": [],
                "recurring_window": []
              }
            ],
            "master_auth": [
              {
                "client_certificate": "",
                "client_certificate_config": [
                  {
                    "issue_client_certificate": false
                  }
                ],
                "client_key": "",
                "cluster_ca_certificate": "LS0tLS1CRUdJTiBDRVJUSUZJQ0FURS0tLS0tCk1JSUVMRENDQXBTZ0F3SUJBZ0lRVWFrU21nb2tTZUpIeUd5cFV6SFBEakFOQmdrcWhraUc5dzBCQVFzRkFEQXYKTVMwd0t3WURWUVFERXlRM1ltVXhPREUxTmkweE56aGtMVFEyTkdZdE9XUXdaQzFrTTJJM01XUTBOekE0WVRRdwpJQmNOTWpVd05ESTFNVE0xTnpBMldoZ1BNakExTlRBME1UZ3hORFUzTURaYU1DOHhMVEFyQmdOVkJBTVRKRGRpClpURTRNVFUyTFRFM09HUXRORFkwWmkwNVpEQmtMV1F6WWpjeFpEUTNNRGhoTkRDQ0FhSXdEUVlKS29aSWh2Y04KQVFFQkJRQURnZ0dQQURDQ0FZb0NnZ0dCQU9yT3luZGFaUjRSVGNTQWN3R0IxUzZqb1BWeDNCUXh0WlZ3eXZDawpJQXNtR1AxaDNqUXprVEdvcGYzSkdZVkpXRTk0blU1Y1Q0V1JNVnhvOTZvSVFhS04yWWNUNitaaVc4Z3pYak45CkVJUFBLNnZBU1Evcy9LUlVIVlpXYjJRMFNwczVzL25oVWhQT1pxZGVMMjFjTzdhbnVsbEJCUjhTcTZWekxxQnQKdFF2eDBnV0Y4L2lDS2FiZ1NhMjJlem9EOUpCTnBNbkVPQlZWR3RjQ05Pc0IwQjNvNno2dTRqMVNLanZCZjhwNQpFT3NWTjBXaTJ4SHJSOVRHZXcxVks2NFZ4b3ZxSzNoZ0xrdWpQSjVHTmJxUlRUV0hUQ2JXQTFFMnJ3OTJ4VzR0Cm1oZ3IvZ1BaaldSQ0tOUWI3RVc5dEQ0NENOczBkQ3kwbW9uQnJJRjdYOHBjRDdSWGJIVldXbkRIZ1lJeEljMUkKVktLVkNKSTNrNDNsTGlnUldpdjMzQkhBb2FmM3IxZms3d1BNVHhaNTR0dUYrcDBneHB0ZkhQV0xyT3Q0TFhaRQpxYUpTVENsZGV6bUFmTExhblIyYUU3bVY1QzR0elVFK01BaS9rZ053NU1QZ0RLU1FCTXQwQ0RhN2ZpeTROcFRHCjVwRUlZTnRQbWo4L2hvNHJjQjNpUVYxVkR3SURBUUFCbzBJd1FEQU9CZ05WSFE4QkFmOEVCQU1DQWdRd0R3WUQKVlIwVEFRSC9CQVV3QXdFQi96QWRCZ05WSFE0RUZnUVVUYW43MDVQdVlLaWVGR2FpaFR4ekg0dHdMbDR3RFFZSgpLb1pJaHZjTkFRRUxCUUFEZ2dHQkFHNHYzdHlaQUxtOGp0WVhIbTg2YTRpVFY2VkM3L0RvZS9HOEFxdUhDcnMrCmh2TFZ2NkRDYXEyYVcwTHJBa2FndHBBc1p4dmNHZzhuSWZ4Vmd4Um9GMWE1a2ZwUS9pTTRlckRSLy9ObkpHbHMKYTNIK3Z2YWxiazZWM05PRXcvdUhzMURsQ0JRMU5HZDJtcGhaSVlqMSt5VmoxZmVxVVQ3bFZ3T1FaaTJTRm5Wcgp0RjdjSHlJTzArM1FyK0J3SDMzRk5jUE8rM0VIZ1NYOE1rZVFHdVFvejZGcFJuMzhTZS9QRXdnZUtkV1I0NFBrCm1PRmo1a0hPK0k0UHFBV2FXU3hMTXk2WFh5RzBGTFZwb3g4bnFaQ25DVy9IUXVmMGtGeEVBNnY0emxxVnlsc3oKQkxVWkNOZjNVeXRRSVJYU1ZsWnBkQnRpdWxVRDJWS3pGMEpCWlppUk9NTldDUmpQRFpLZHVwbC9jWUNtT093bQp5TXB0cmp3UWRrM2RMK2c0d3l3Qnh4VTl4bFZDQzVnOTVHMkg3UUJjVFpJSWJ3T1NSaUJ1UkIyMTE2eTB3N2RJCmdNaVQ1dUJyZDlWZ1NRUFovKzZQOHF5SWsrTUZQY2tFMlpvbVFjcEU0RERnbk80K3NEc0xlWi92bDFma0hhYUMKRVlSRGZYZ1JnU0Rsa3hNNXZ2b0g2QT09Ci0tLS0tRU5EIENFUlRJRklDQVRFLS0tLS0K"
              }
            ],
            "master_authorized_networks_config": [
              {
                "cidr_blocks": [
                  {
                    "cidr_block": "0.0.0.0/0",
                    "display_name": "all-for-testing"
                  }
                ],
                "gcp_public_cidrs_access_enabled": false,
                "private_endpoint_enforcement_enabled": true
              }
            ],
            "master_version": "1.32.2-gke.1182003",
            "mesh_certificates": [],
            "min_master_version": "latest",
            "monitoring_config": [
              {
                "advanced_datapath_observability_config": [
                  {
                    "enable_metrics": false,
                    "enable_relay": false
                  }
                ],
                "enable_components": [
                  "SYSTEM_COMPONENTS",
                  "JOBSET",
                  "STORAGE",
                  "HPA",
                  "POD",
                  "DAEMONSET",
                  "DEPLOYMENT",
                  "STATEFULSET",
                  "CADVISOR",
                  "KUBELET",
                  "DCGM"
                ],
                "managed_prometheus": [
                  {
                    "auto_monitoring_config": [],
                    "enabled": true
                  }
                ]
              }
            ],
            "monitoring_service": "monitoring.googleapis.com/kubernetes",
            "name": "my-gke-cluster",
            "network": "projects/carbon-science-378304/global/networks/default",
            "network_policy": [
              {
                "enabled": false,
                "provider": "PROVIDER_UNSPECIFIED"
              }
            ],
            "networking_mode": "VPC_NATIVE",
            "node_config": [],
            "node_locations": [
              "us-central1-a",
              "us-central1-b"
            ],
            "node_pool": [],
            "node_pool_auto_config": [
              {
                "linux_node_config": [],
                "network_tags": [],
                "node_kubelet_config": [
                  {
                    "insecure_kubelet_readonly_port_enabled": "FALSE"
                  }
                ],
                "resource_manager_tags": {}
              }
            ],
            "node_pool_defaults": [
              {
                "node_config_defaults": [
                  {
                    "containerd_config": [],
                    "gcfs_config": [],
                    "insecure_kubelet_readonly_port_enabled": "FALSE",
                    "logging_variant": "DEFAULT"
                  }
                ]
              }
            ],
            "node_version": "1.32.2-gke.1182003",
            "notification_config": [
              {
                "pubsub": [
                  {
                    "enabled": false,
                    "filter": [],
                    "topic": ""
                  }
                ]
              }
            ],
            "operation": null,
            "private_cluster_config": [
              {
                "enable_private_endpoint": false,
                "enable_private_nodes": true,
                "master_global_access_config": [
                  {
                    "enabled": false
                  }
                ],
                "master_ipv4_cidr_block": "172.16.0.0/28",
                "peering_name": "",
                "private_endpoint": "172.16.0.2",
                "private_endpoint_subnetwork": "projects/carbon-science-378304/regions/us-central1/subnetworks/gke-my-gke-cluster-aae50066-pe-subnet",
                "public_endpoint": "35.184.174.15"
              }
            ],
            "private_ipv6_google_access": "",
            "project": "carbon-science-378304",
            "release_channel": [
              {
                "channel": "REGULAR"
              }
            ],
            "remove_default_node_pool": true,
            "resource_labels": null,
            "resource_usage_export_config": [],
            "secret_manager_config": [
              {
                "enabled": false
              }
            ],
            "security_posture_config": [
              {
                "mode": "BASIC",
                "vulnerability_mode": "VULNERABILITY_MODE_UNSPECIFIED"
              }
            ],
            "self_link": "https://container.googleapis.com/v1/projects/carbon-science-378304/locations/us-central1/clusters/my-gke-cluster",
            "service_external_ips_config": [
              {
                "enabled": false
              }
            ],
            "services_ipv4_cidr": "34.118.224.0/20",
            "subnetwork": "projects/carbon-science-378304/regions/us-central1/subnetworks/default",
            "terraform_labels": {
              "goog-terraform-provisioned": "true"
            },
            "timeouts": null,
            "tpu_ipv4_cidr_block": "",
            "user_managed_keys_config": [],
            "vertical_pod_autoscaling": [
              {
                "enabled": false
              }
            ],
            "workload_identity_config": [
              {
                "workload_pool": "carbon-science-378304.svc.id.goog"
              }
            ]
          },
          "sensitive_attributes": [
            [
              {
                "type": "get_attr",
                "value": "master_auth"
              },
              {
                "type": "index",
                "value": {
                  "value": 0,
                  "type": "number"
                }
              },
              {
                "type": "get_attr",
                "value": "client_key"
              }
            ]
          ],
          "private": "eyJlMmJmYjczMC1lY2FhLTExZTYtOGY4OC0zNDM2M2JjN2M0YzAiOnsiY3JlYXRlIjoyNDAwMDAwMDAwMDAwLCJkZWxldGUiOjI0MDAwMDAwMDAwMDAsInJlYWQiOjI0MDAwMDAwMDAwMDAsInVwZGF0ZSI6MzYwMDAwMDAwMDAwMH0sInNjaGVtYV92ZXJzaW9uIjoiMiJ9"
        }
      ]
    },
    {
      "module": "module.gke",
      "mode": "managed",
      "type": "google_container_node_pool",
      "name": "node_pools",
      "provider": "provider[\"registry.terraform.io/hashicorp/google\"]",
      "instances": [
        {
          "index_key": "default-node-pool",
          "schema_version": 1,
          "attributes": {
            "autoscaling": [
              {
                "location_policy": "BALANCED",
                "max_node_count": 3,
                "min_node_count": 1,
                "total_max_node_count": 0,
                "total_min_node_count": 0
              }
            ],
            "cluster": "my-gke-cluster",
            "id": "projects/carbon-science-378304/locations/us-central1/clusters/my-gke-cluster/nodePools/default-node-pool",
            "initial_node_count": 1,
            "instance_group_urls": [
              "https://www.googleapis.com/compute/v1/projects/carbon-science-378304/zones/us-central1-a/instanceGroupManagers/gke-my-gke-cluster-default-node-pool-ff12cddf-grp",
              "https://www.googleapis.com/compute/v1/projects/carbon-science-378304/zones/us-central1-b/instanceGroupManagers/gke-my-gke-cluster-default-node-pool-204237b7-grp"
            ],
            "location": "us-central1",
            "managed_instance_group_urls": [
              "https://www.googleapis.com/compute/v1/projects/carbon-science-378304/zones/us-central1-a/instanceGroups/gke-my-gke-cluster-default-node-pool-ff12cddf-grp",
              "https://www.googleapis.com/compute/v1/projects/carbon-science-378304/zones/us-central1-b/instanceGroups/gke-my-gke-cluster-default-node-pool-204237b7-grp"
            ],
            "management": [
              {
                "auto_repair": true,
                "auto_upgrade": true
              }
            ],
            "max_pods_per_node": 110,
            "name": "default-node-pool",
            "name_prefix": "",
            "network_config": [
              {
                "additional_node_network_configs": [],
                "additional_pod_network_configs": [],
                "create_pod_range": false,
                "enable_private_nodes": true,
                "network_performance_config": [],
                "pod_cidr_overprovision_config": [],
                "pod_ipv4_cidr_block": "10.100.0.0/14",
                "pod_range": "gke-my-gke-cluster-pods-cfe2c5f1"
              }
            ],
            "node_config": [
              {
                "advanced_machine_features": [],
                "boot_disk_kms_key": "",
                "confidential_nodes": [],
                "containerd_config": [],
                "disk_size_gb": 20,
                "disk_type": "pd-standard",
                "effective_taints": [],
                "enable_confidential_storage": false,
                "ephemeral_storage_local_ssd_config": [],
                "fast_socket": [],
                "gcfs_config": [],
                "guest_accelerator": [],
                "gvnic": [],
                "host_maintenance_policy": [],
                "image_type": "COS_CONTAINERD",
                "kubelet_config": [
                  {
                    "allowed_unsafe_sysctls": [],
                    "container_log_max_files": 0,
                    "container_log_max_size": "",
                    "cpu_cfs_quota": false,
                    "cpu_cfs_quota_period": "",
                    "cpu_manager_policy": "",
                    "image_gc_high_threshold_percent": 0,
                    "image_gc_low_threshold_percent": 0,
                    "image_maximum_gc_age": "",
                    "image_minimum_gc_age": "",
                    "insecure_kubelet_readonly_port_enabled": "FALSE",
                    "pod_pids_limit": 0
                  }
                ],
                "labels": {},
                "linux_node_config": [],
                "local_nvme_ssd_block_config": [],
                "local_ssd_count": 0,
                "local_ssd_encryption_mode": "",
                "logging_variant": "DEFAULT",
                "machine_type": "e2-medium",
                "max_run_duration": "",
                "metadata": {
                  "disable-legacy-endpoints": "true"
                },
                "min_cpu_platform": "",
                "node_group": "",
                "oauth_scopes": [
                  "https://www.googleapis.com/auth/cloud-platform"
                ],
                "preemptible": false,
                "reservation_affinity": [],
                "resource_labels": {
                  "goog-gke-node-pool-provisioning-model": "on-demand"
                },
                "resource_manager_tags": null,
                "secondary_boot_disks": [],
                "service_account": "default",
                "shielded_instance_config": [
                  {
                    "enable_integrity_monitoring": true,
                    "enable_secure_boot": false
                  }
                ],
                "sole_tenant_config": [],
                "spot": false,
                "storage_pools": null,
                "tags": null,
                "taint": [],
                "windows_node_config": [
                  {
                    "osversion": ""
                  }
                ],
                "workload_metadata_config": [
                  {
                    "mode": "GKE_METADATA"
                  }
                ]
              }
            ],
            "node_count": 1,
            "node_locations": [
              "us-central1-a",
              "us-central1-b"
            ],
            "operation": null,
            "placement_policy": [],
            "project": "carbon-science-378304",
            "queued_provisioning": [],
            "timeouts": null,
            "upgrade_settings": [
              {
                "blue_green_settings": [],
                "max_surge": 1,
                "max_unavailable": 0,
                "strategy": "SURGE"
              }
            ],
            "version": "1.32.2-gke.1182003"
          },
          "sensitive_attributes": [],
          "private": "eyJlMmJmYjczMC1lY2FhLTExZTYtOGY4OC0zNDM2M2JjN2M0YzAiOnsiY3JlYXRlIjoxODAwMDAwMDAwMDAwLCJkZWxldGUiOjE4MDAwMDAwMDAwMDAsInVwZGF0ZSI6MTgwMDAwMDAwMDAwMH0sInNjaGVtYV92ZXJzaW9uIjoiMSJ9",
          "dependencies": [
            "module.gke.google_container_cluster.primary"
          ]
        }
      ]
    }
  ],
  "check_results": null
}
